
Microsoft Visual Studio Solution File, Format Version 12.00
# Visual Studio Version 16
VisualStudioVersion = 16.0.29926.136
MinimumVisualStudioVersion = 10.0.40219.1
Project("{9A19103F-16F7-4668-BE54-9A1E7A4F7556}") = "MonRestApi", "MonRestApi.csproj", "{6CD423BD-7214-417A-BFE4-B1E75816EC0E}"
EndProject
Global
	GlobalSection(SolutionConfigurationPlatforms) = preSolution
		Debug|Any CPU = Debug|Any CPU
		Release|Any CPU = Release|Any CPU
	EndGlobalSection
	GlobalSection(ProjectConfigurationPlatforms) = postSolution
		{6CD423BD-7214-417A-BFE4-B1E75816EC0E}.Debug|Any CPU.ActiveCfg = Debug|Any CPU
		{6CD423BD-7214-417A-BFE4-B1E75816EC0E}.Debug|Any CPU.Build.0 = Debug|Any CPU
		{6CD423BD-7214-417A-BFE4-B1E75816EC0E}.Release|Any CPU.ActiveCfg = Release|Any CPU
		{6CD423BD-7214-417A-BFE4-B1E75816EC0E}.Release|Any CPU.Build.0 = Release|Any CPU
	EndGlobalSection
	GlobalSection(SolutionProperties) = preSolution
		HideSolutionNode = FALSE
	EndGlobalSection
	GlobalSection(ExtensibilityGlobals) = postSolution
		SolutionGuid = {345AD841-13B5-4209-B292-8753784F7653}
	EndGlobalSection
EndGlobal
